
Microsoft Visual Studio Solution File, Format Version 12.00
# Visual Studio Version 17
VisualStudioVersion = 17.6.33717.318
MinimumVisualStudioVersion = 10.0.40219.1
Project("{2150E333-8FDC-42A3-9474-1A3956D46DE8}") = "Services", "Services", "{4DFFF19C-41FD-4D20-BA0D-F32A3ED461D9}"
EndProject
Project("{2150E333-8FDC-42A3-9474-1A3956D46DE8}") = "Ordering", "Ordering", "{2A25379F-B907-4E4A-AE90-9B74536A6E88}"
EndProject
Project("{9A19103F-16F7-4668-BE54-9A1E7A4F7556}") = "Ordering.API", "Services\Ordering\Ordering.API\Ordering.API.csproj", "{DCDE2F2B-CDDC-4E64-9F59-537AED650B8A}"
EndProject
Project("{9A19103F-16F7-4668-BE54-9A1E7A4F7556}") = "Ordering.Domain", "Services\Ordering\Ordering.Domain\Ordering.Domain.csproj", "{F4B79C21-F743-409F-BCFA-5B0EACCA0D0C}"
EndProject
Project("{9A19103F-16F7-4668-BE54-9A1E7A4F7556}") = "Ordering.Application", "Services\Ordering\Ordering.Application\Ordering.Application.csproj", "{146CA120-6DA7-4325-9C0B-CC7B469EF3BF}"
EndProject
Project("{9A19103F-16F7-4668-BE54-9A1E7A4F7556}") = "Ordering.Infrastructure", "Services\Ordering\Ordering.Infrastructure\Ordering.Infrastructure.csproj", "{10AC6BB4-2FCE-4134-B04C-FD8AC0080B5F}"
EndProject
Global
	GlobalSection(SolutionConfigurationPlatforms) = preSolution
		Debug|Any CPU = Debug|Any CPU
		Release|Any CPU = Release|Any CPU
	EndGlobalSection
	GlobalSection(ProjectConfigurationPlatforms) = postSolution
		{DCDE2F2B-CDDC-4E64-9F59-537AED650B8A}.Debug|Any CPU.ActiveCfg = Debug|Any CPU
		{DCDE2F2B-CDDC-4E64-9F59-537AED650B8A}.Debug|Any CPU.Build.0 = Debug|Any CPU
		{DCDE2F2B-CDDC-4E64-9F59-537AED650B8A}.Release|Any CPU.ActiveCfg = Release|Any CPU
		{DCDE2F2B-CDDC-4E64-9F59-537AED650B8A}.Release|Any CPU.Build.0 = Release|Any CPU
		{F4B79C21-F743-409F-BCFA-5B0EACCA0D0C}.Debug|Any CPU.ActiveCfg = Debug|Any CPU
		{F4B79C21-F743-409F-BCFA-5B0EACCA0D0C}.Debug|Any CPU.Build.0 = Debug|Any CPU
		{F4B79C21-F743-409F-BCFA-5B0EACCA0D0C}.Release|Any CPU.ActiveCfg = Release|Any CPU
		{F4B79C21-F743-409F-BCFA-5B0EACCA0D0C}.Release|Any CPU.Build.0 = Release|Any CPU
		{146CA120-6DA7-4325-9C0B-CC7B469EF3BF}.Debug|Any CPU.ActiveCfg = Debug|Any CPU
		{146CA120-6DA7-4325-9C0B-CC7B469EF3BF}.Debug|Any CPU.Build.0 = Debug|Any CPU
		{146CA120-6DA7-4325-9C0B-CC7B469EF3BF}.Release|Any CPU.ActiveCfg = Release|Any CPU
		{146CA120-6DA7-4325-9C0B-CC7B469EF3BF}.Release|Any CPU.Build.0 = Release|Any CPU
		{10AC6BB4-2FCE-4134-B04C-FD8AC0080B5F}.Debug|Any CPU.ActiveCfg = Debug|Any CPU
		{10AC6BB4-2FCE-4134-B04C-FD8AC0080B5F}.Debug|Any CPU.Build.0 = Debug|Any CPU
		{10AC6BB4-2FCE-4134-B04C-FD8AC0080B5F}.Release|Any CPU.ActiveCfg = Release|Any CPU
		{10AC6BB4-2FCE-4134-B04C-FD8AC0080B5F}.Release|Any CPU.Build.0 = Release|Any CPU
	EndGlobalSection
	GlobalSection(SolutionProperties) = preSolution
		HideSolutionNode = FALSE
	EndGlobalSection
	GlobalSection(NestedProjects) = preSolution
		{2A25379F-B907-4E4A-AE90-9B74536A6E88} = {4DFFF19C-41FD-4D20-BA0D-F32A3ED461D9}
		{DCDE2F2B-CDDC-4E64-9F59-537AED650B8A} = {2A25379F-B907-4E4A-AE90-9B74536A6E88}
		{F4B79C21-F743-409F-BCFA-5B0EACCA0D0C} = {2A25379F-B907-4E4A-AE90-9B74536A6E88}
		{146CA120-6DA7-4325-9C0B-CC7B469EF3BF} = {2A25379F-B907-4E4A-AE90-9B74536A6E88}
		{10AC6BB4-2FCE-4134-B04C-FD8AC0080B5F} = {2A25379F-B907-4E4A-AE90-9B74536A6E88}
	EndGlobalSection
	GlobalSection(ExtensibilityGlobals) = postSolution
		SolutionGuid = {F4004275-27B2-4C10-9656-0D10DF239B34}
	EndGlobalSection
EndGlobal
